
Microsoft Visual Studio Solution File, Format Version 11.00
# Visual Studio 2010
Project("{FAE04EC0-301F-11D3-BF4B-00C04F79EFBC}") = "MvcApplication1", "MvcApplication1\MvcApplication1.csproj", "{CAE0EF19-C915-4C9C-93C2-4938473B24D3}"
EndProject
Global
	GlobalSection(SolutionConfigurationPlatforms) = preSolution
		Debug|Any CPU = Debug|Any CPU
		Release|Any CPU = Release|Any CPU
	EndGlobalSection
	GlobalSection(ProjectConfigurationPlatforms) = postSolution
		{CAE0EF19-C915-4C9C-93C2-4938473B24D3}.Debug|Any CPU.ActiveCfg = Debug|Any CPU
		{CAE0EF19-C915-4C9C-93C2-4938473B24D3}.Debug|Any CPU.Build.0 = Debug|Any CPU
		{CAE0EF19-C915-4C9C-93C2-4938473B24D3}.Release|Any CPU.ActiveCfg = Release|Any CPU
		{CAE0EF19-C915-4C9C-93C2-4938473B24D3}.Release|Any CPU.Build.0 = Release|Any CPU
	EndGlobalSection
	GlobalSection(SolutionProperties) = preSolution
		HideSolutionNode = FALSE
	EndGlobalSection
EndGlobal
